Microsoft Visual Studio Solution File, Format Version 11.00
# Visual Studio 2008

Project("{B081C858-4616-58A8-4FCF-6A4A16B3756A}") = "ShootYourFriends", "Assembly-CSharp-firstpass-vs.csproj", "{03DD2512-AA9B-A082-DF82-09939EC1772D}"
EndProject
Project("{B081C858-4616-58A8-4FCF-6A4A16B3756A}") = "ShootYourFriends", "Assembly-CSharp-vs.csproj", "{F28C38B7-4AEF-2DA6-5ECA-B0944E670427}"
EndProject
Project("{B081C858-4616-58A8-4FCF-6A4A16B3756A}") = "ShootYourFriends", "Assembly-CSharp-Editor-vs.csproj", "{EB52EB9D-9753-5798-FC68-883F11BDDEB8}"
EndProject
Global
	GlobalSection(SolutionConfigurationPlatforms) = preSolution
		Debug|Any CPU = Debug|Any CPU
		Release|Any CPU = Release|Any CPU
	EndGlobalSection
	GlobalSection(ProjectConfigurationPlatforms) = postSolution
		{03DD2512-AA9B-A082-DF82-09939EC1772D}.Debug|Any CPU.ActiveCfg = Debug|Any CPU
		{03DD2512-AA9B-A082-DF82-09939EC1772D}.Debug|Any CPU.Build.0 = Debug|Any CPU
		{03DD2512-AA9B-A082-DF82-09939EC1772D}.Release|Any CPU.ActiveCfg = Release|Any CPU
		{03DD2512-AA9B-A082-DF82-09939EC1772D}.Release|Any CPU.Build.0 = Release|Any CPU
		{F28C38B7-4AEF-2DA6-5ECA-B0944E670427}.Debug|Any CPU.ActiveCfg = Debug|Any CPU
		{F28C38B7-4AEF-2DA6-5ECA-B0944E670427}.Debug|Any CPU.Build.0 = Debug|Any CPU
		{F28C38B7-4AEF-2DA6-5ECA-B0944E670427}.Release|Any CPU.ActiveCfg = Release|Any CPU
		{F28C38B7-4AEF-2DA6-5ECA-B0944E670427}.Release|Any CPU.Build.0 = Release|Any CPU
		{EB52EB9D-9753-5798-FC68-883F11BDDEB8}.Debug|Any CPU.ActiveCfg = Debug|Any CPU
		{EB52EB9D-9753-5798-FC68-883F11BDDEB8}.Debug|Any CPU.Build.0 = Debug|Any CPU
		{EB52EB9D-9753-5798-FC68-883F11BDDEB8}.Release|Any CPU.ActiveCfg = Release|Any CPU
		{EB52EB9D-9753-5798-FC68-883F11BDDEB8}.Release|Any CPU.Build.0 = Release|Any CPU
	EndGlobalSection
	GlobalSection(SolutionProperties) = preSolution
		HideSolutionNode = FALSE
	EndGlobalSection
	
EndGlobal
