Microsoft Visual Studio Solution File, Format Version 10.00
# Visual Studio 2008

Project("{5D52E165-1723-0AF9-89A3-828FA699C8EB}") = "Shoot your friends", "Assembly-CSharp.csproj", "{F8CFD07B-AD4D-FAF6-ED09-CF4827141F10}"
EndProject
Project("{5D52E165-1723-0AF9-89A3-828FA699C8EB}") = "Shoot your friends", "Assembly-UnityScript.unityproj", "{7C99DBFB-EE83-86E5-CA89-72B6B8536BEB}"
EndProject
Global
	GlobalSection(SolutionConfigurationPlatforms) = preSolution
		Debug|Any CPU = Debug|Any CPU
		Release|Any CPU = Release|Any CPU
	EndGlobalSection
	GlobalSection(ProjectConfigurationPlatforms) = postSolution
		{F8CFD07B-AD4D-FAF6-ED09-CF4827141F10}.Debug|Any CPU.ActiveCfg = Debug|Any CPU
		{F8CFD07B-AD4D-FAF6-ED09-CF4827141F10}.Debug|Any CPU.Build.0 = Debug|Any CPU
		{F8CFD07B-AD4D-FAF6-ED09-CF4827141F10}.Release|Any CPU.ActiveCfg = Release|Any CPU
		{F8CFD07B-AD4D-FAF6-ED09-CF4827141F10}.Release|Any CPU.Build.0 = Release|Any CPU
		{7C99DBFB-EE83-86E5-CA89-72B6B8536BEB}.Debug|Any CPU.ActiveCfg = Debug|Any CPU
		{7C99DBFB-EE83-86E5-CA89-72B6B8536BEB}.Debug|Any CPU.Build.0 = Debug|Any CPU
		{7C99DBFB-EE83-86E5-CA89-72B6B8536BEB}.Release|Any CPU.ActiveCfg = Release|Any CPU
		{7C99DBFB-EE83-86E5-CA89-72B6B8536BEB}.Release|Any CPU.Build.0 = Release|Any CPU
	EndGlobalSection
	GlobalSection(SolutionProperties) = preSolution
		HideSolutionNode = FALSE
	EndGlobalSection
	
EndGlobal
