Microsoft Visual Studio Solution File, Format Version 11.00
# Visual Studio 2008

Project("{B081C858-4616-58A8-4FCF-6A4A16B3756A}") = "ShootYourFriends", "Assembly-CSharp.csproj", "{F28C38B7-4AEF-2DA6-5ECA-B0944E670427}"
EndProject
Project("{B081C858-4616-58A8-4FCF-6A4A16B3756A}") = "ShootYourFriends", "Assembly-UnityScript.unityproj", "{55D86D2E-EF6A-178B-2EC9-E73AF815EC21}"
EndProject
Global
	GlobalSection(SolutionConfigurationPlatforms) = preSolution
		Debug|Any CPU = Debug|Any CPU
		Release|Any CPU = Release|Any CPU
	EndGlobalSection
	GlobalSection(ProjectConfigurationPlatforms) = postSolution
		{F28C38B7-4AEF-2DA6-5ECA-B0944E670427}.Debug|Any CPU.ActiveCfg = Debug|Any CPU
		{F28C38B7-4AEF-2DA6-5ECA-B0944E670427}.Debug|Any CPU.Build.0 = Debug|Any CPU
		{F28C38B7-4AEF-2DA6-5ECA-B0944E670427}.Release|Any CPU.ActiveCfg = Release|Any CPU
		{F28C38B7-4AEF-2DA6-5ECA-B0944E670427}.Release|Any CPU.Build.0 = Release|Any CPU
		{55D86D2E-EF6A-178B-2EC9-E73AF815EC21}.Debug|Any CPU.ActiveCfg = Debug|Any CPU
		{55D86D2E-EF6A-178B-2EC9-E73AF815EC21}.Debug|Any CPU.Build.0 = Debug|Any CPU
		{55D86D2E-EF6A-178B-2EC9-E73AF815EC21}.Release|Any CPU.ActiveCfg = Release|Any CPU
		{55D86D2E-EF6A-178B-2EC9-E73AF815EC21}.Release|Any CPU.Build.0 = Release|Any CPU
	EndGlobalSection
	GlobalSection(SolutionProperties) = preSolution
		HideSolutionNode = FALSE
	EndGlobalSection
	
EndGlobal
