Microsoft Visual Studio Solution File, Format Version 11.00
# Visual Studio 2008

Project("{BA4EE91F-2C10-E4E0-D564-FB863DCC5831}") = "Specialisering", "Assembly-CSharp-firstpass.csproj", "{2098EF13-C79A-2D99-7D31-7B3A28CD6958}"
EndProject
Project("{BA4EE91F-2C10-E4E0-D564-FB863DCC5831}") = "Specialisering", "Assembly-CSharp.csproj", "{76187267-9E4F-4766-3425-ABBEC2AAF52E}"
EndProject
Project("{BA4EE91F-2C10-E4E0-D564-FB863DCC5831}") = "Specialisering", "Assembly-CSharp-Editor.csproj", "{256264C1-A2E5-3FC9-562D-2F01228FE255}"
EndProject
Project("{BA4EE91F-2C10-E4E0-D564-FB863DCC5831}") = "Specialisering", "Assembly-UnityScript-firstpass.unityproj", "{86D330A7-C29F-F037-9F9E-145B0CE81F2E}"
EndProject
Global
	GlobalSection(SolutionConfigurationPlatforms) = preSolution
		Debug|Any CPU = Debug|Any CPU
		Release|Any CPU = Release|Any CPU
	EndGlobalSection
	GlobalSection(ProjectConfigurationPlatforms) = postSolution
		{2098EF13-C79A-2D99-7D31-7B3A28CD6958}.Debug|Any CPU.ActiveCfg = Debug|Any CPU
		{2098EF13-C79A-2D99-7D31-7B3A28CD6958}.Debug|Any CPU.Build.0 = Debug|Any CPU
		{2098EF13-C79A-2D99-7D31-7B3A28CD6958}.Release|Any CPU.ActiveCfg = Release|Any CPU
		{2098EF13-C79A-2D99-7D31-7B3A28CD6958}.Release|Any CPU.Build.0 = Release|Any CPU
		{76187267-9E4F-4766-3425-ABBEC2AAF52E}.Debug|Any CPU.ActiveCfg = Debug|Any CPU
		{76187267-9E4F-4766-3425-ABBEC2AAF52E}.Debug|Any CPU.Build.0 = Debug|Any CPU
		{76187267-9E4F-4766-3425-ABBEC2AAF52E}.Release|Any CPU.ActiveCfg = Release|Any CPU
		{76187267-9E4F-4766-3425-ABBEC2AAF52E}.Release|Any CPU.Build.0 = Release|Any CPU
		{256264C1-A2E5-3FC9-562D-2F01228FE255}.Debug|Any CPU.ActiveCfg = Debug|Any CPU
		{256264C1-A2E5-3FC9-562D-2F01228FE255}.Debug|Any CPU.Build.0 = Debug|Any CPU
		{256264C1-A2E5-3FC9-562D-2F01228FE255}.Release|Any CPU.ActiveCfg = Release|Any CPU
		{256264C1-A2E5-3FC9-562D-2F01228FE255}.Release|Any CPU.Build.0 = Release|Any CPU
		{86D330A7-C29F-F037-9F9E-145B0CE81F2E}.Debug|Any CPU.ActiveCfg = Debug|Any CPU
		{86D330A7-C29F-F037-9F9E-145B0CE81F2E}.Debug|Any CPU.Build.0 = Debug|Any CPU
		{86D330A7-C29F-F037-9F9E-145B0CE81F2E}.Release|Any CPU.ActiveCfg = Release|Any CPU
		{86D330A7-C29F-F037-9F9E-145B0CE81F2E}.Release|Any CPU.Build.0 = Release|Any CPU
	EndGlobalSection
	GlobalSection(SolutionProperties) = preSolution
		HideSolutionNode = FALSE
	EndGlobalSection
	
EndGlobal
